
Microsoft Visual Studio Solution File, Format Version 12.00
# Visual Studio Version 17
VisualStudioVersion = 17.7.34031.279
MinimumVisualStudioVersion = 10.0.40219.1
Project("{8BC9CEB8-8B4A-11D0-8D11-00A0C91BC942}") = "DiceRolls", "DiceRolls\DiceRolls.vcxproj", "{B790E74B-74AF-40E9-8DF8-73A3A4ACE6E0}"
	ProjectSection(ProjectDependencies) = postProject
		{2D2E4D04-5444-4E09-A5CA-E6C4F9CF34A2} = {2D2E4D04-5444-4E09-A5CA-E6C4F9CF34A2}
	EndProjectSection
EndProject
Project("{8BC9CEB8-8B4A-11D0-8D11-00A0C91BC942}") = "Prog1Engine", "Prog1Engine\Prog1Engine.vcxproj", "{2D2E4D04-5444-4E09-A5CA-E6C4F9CF34A2}"
EndProject
Global
	GlobalSection(SolutionConfigurationPlatforms) = preSolution
		Debug|x64 = Debug|x64
		Debug|x86 = Debug|x86
		Release|x64 = Release|x64
		Release|x86 = Release|x86
	EndGlobalSection
	GlobalSection(ProjectConfigurationPlatforms) = postSolution
		{B790E74B-74AF-40E9-8DF8-73A3A4ACE6E0}.Debug|x64.ActiveCfg = Debug|x64
		{B790E74B-74AF-40E9-8DF8-73A3A4ACE6E0}.Debug|x64.Build.0 = Debug|x64
		{B790E74B-74AF-40E9-8DF8-73A3A4ACE6E0}.Debug|x86.ActiveCfg = Debug|Win32
		{B790E74B-74AF-40E9-8DF8-73A3A4ACE6E0}.Debug|x86.Build.0 = Debug|Win32
		{B790E74B-74AF-40E9-8DF8-73A3A4ACE6E0}.Release|x64.ActiveCfg = Release|x64
		{B790E74B-74AF-40E9-8DF8-73A3A4ACE6E0}.Release|x64.Build.0 = Release|x64
		{B790E74B-74AF-40E9-8DF8-73A3A4ACE6E0}.Release|x86.ActiveCfg = Release|Win32
		{B790E74B-74AF-40E9-8DF8-73A3A4ACE6E0}.Release|x86.Build.0 = Release|Win32
		{2D2E4D04-5444-4E09-A5CA-E6C4F9CF34A2}.Debug|x64.ActiveCfg = Debug|x64
		{2D2E4D04-5444-4E09-A5CA-E6C4F9CF34A2}.Debug|x64.Build.0 = Debug|x64
		{2D2E4D04-5444-4E09-A5CA-E6C4F9CF34A2}.Debug|x86.ActiveCfg = Debug|Win32
		{2D2E4D04-5444-4E09-A5CA-E6C4F9CF34A2}.Debug|x86.Build.0 = Debug|Win32
		{2D2E4D04-5444-4E09-A5CA-E6C4F9CF34A2}.Release|x64.ActiveCfg = Release|x64
		{2D2E4D04-5444-4E09-A5CA-E6C4F9CF34A2}.Release|x64.Build.0 = Release|x64
		{2D2E4D04-5444-4E09-A5CA-E6C4F9CF34A2}.Release|x86.ActiveCfg = Release|Win32
		{2D2E4D04-5444-4E09-A5CA-E6C4F9CF34A2}.Release|x86.Build.0 = Release|Win32
	EndGlobalSection
	GlobalSection(SolutionProperties) = preSolution
		HideSolutionNode = FALSE
	EndGlobalSection
	GlobalSection(ExtensibilityGlobals) = postSolution
		SolutionGuid = {D0A3C191-F736-4099-BAC2-CEFD4E7A76AD}
	EndGlobalSection
EndGlobal
