
Microsoft Visual Studio Solution File, Format Version 12.00
# Visual Studio Version 17
VisualStudioVersion = 17.7.34031.279
MinimumVisualStudioVersion = 10.0.40219.1
Project("{8BC9CEB8-8B4A-11D0-8D11-00A0C91BC942}") = "Prog1Game1_test", "Prog1Game1_test\Prog1Game1_test.vcxproj", "{A3129C17-B6EA-48D7-A545-B63C24035417}"
	ProjectSection(ProjectDependencies) = postProject
		{A0DA4D76-BAF9-4EB0-A893-768ADF0024AC} = {A0DA4D76-BAF9-4EB0-A893-768ADF0024AC}
	EndProjectSection
EndProject
Project("{8BC9CEB8-8B4A-11D0-8D11-00A0C91BC942}") = "Prog1Engine", "Prog1Engine\Prog1Engine.vcxproj", "{A0DA4D76-BAF9-4EB0-A893-768ADF0024AC}"
EndProject
Global
	GlobalSection(SolutionConfigurationPlatforms) = preSolution
		Debug|x64 = Debug|x64
		Debug|x86 = Debug|x86
		Release|x64 = Release|x64
		Release|x86 = Release|x86
	EndGlobalSection
	GlobalSection(ProjectConfigurationPlatforms) = postSolution
		{A3129C17-B6EA-48D7-A545-B63C24035417}.Debug|x64.ActiveCfg = Debug|x64
		{A3129C17-B6EA-48D7-A545-B63C24035417}.Debug|x64.Build.0 = Debug|x64
		{A3129C17-B6EA-48D7-A545-B63C24035417}.Debug|x86.ActiveCfg = Debug|Win32
		{A3129C17-B6EA-48D7-A545-B63C24035417}.Debug|x86.Build.0 = Debug|Win32
		{A3129C17-B6EA-48D7-A545-B63C24035417}.Release|x64.ActiveCfg = Release|x64
		{A3129C17-B6EA-48D7-A545-B63C24035417}.Release|x64.Build.0 = Release|x64
		{A3129C17-B6EA-48D7-A545-B63C24035417}.Release|x86.ActiveCfg = Release|Win32
		{A3129C17-B6EA-48D7-A545-B63C24035417}.Release|x86.Build.0 = Release|Win32
		{A0DA4D76-BAF9-4EB0-A893-768ADF0024AC}.Debug|x64.ActiveCfg = Debug|x64
		{A0DA4D76-BAF9-4EB0-A893-768ADF0024AC}.Debug|x64.Build.0 = Debug|x64
		{A0DA4D76-BAF9-4EB0-A893-768ADF0024AC}.Debug|x86.ActiveCfg = Debug|Win32
		{A0DA4D76-BAF9-4EB0-A893-768ADF0024AC}.Debug|x86.Build.0 = Debug|Win32
		{A0DA4D76-BAF9-4EB0-A893-768ADF0024AC}.Release|x64.ActiveCfg = Release|x64
		{A0DA4D76-BAF9-4EB0-A893-768ADF0024AC}.Release|x64.Build.0 = Release|x64
		{A0DA4D76-BAF9-4EB0-A893-768ADF0024AC}.Release|x86.ActiveCfg = Release|Win32
		{A0DA4D76-BAF9-4EB0-A893-768ADF0024AC}.Release|x86.Build.0 = Release|Win32
	EndGlobalSection
	GlobalSection(SolutionProperties) = preSolution
		HideSolutionNode = FALSE
	EndGlobalSection
	GlobalSection(ExtensibilityGlobals) = postSolution
		SolutionGuid = {575BB3CA-DF24-46EA-B14B-38A2119D11A5}
	EndGlobalSection
EndGlobal
